{
  "name": "effect-fp-ts",
  "version": "1.0.0",
  "lockfileVersion": 2,
  "requires": true,
  "packages": {
    "": {
      "name": "effect-fp-ts",
      "version": "1.0.0",
      "dependencies": {
        "@effect/data": "0.1.3",
        "@effect/io": "0.2.0",
        "@fp-ts/schema": "0.2.1",
        "fp-ts": "2.13.1",
        "io-ts": "2.2.20"
      },
      "devDependencies": {
        "@types/node": "16.18.12",
        "prettier": "2.8.4",
        "typescript": "4.9.5",
        "vitest": "0.28.5"
      }
    },
    "node_modules/@effect/data": {
      "version": "0.1.3",
      "license": "MIT"
    },
    "node_modules/@effect/io": {
      "version": "0.2.0",
      "license": "MIT",
      "dependencies": {
        "@effect/data": "~0.1.3"
      }
    },
    "node_modules/@esbuild/linux-x64": {
      "version": "0.16.17",
      "cpu": [
        "x64"
      ],
      "dev": true,
      "license": "MIT",
      "optional": true,
      "os": [
        "linux"
      ],
      "engines": {
        "node": ">=12"
      }
    },
    "node_modules/@fp-ts/core": {
      "version": "0.2.1",
      "license": "MIT"
    },
    "node_modules/@fp-ts/schema": {
      "version": "0.2.1",
      "license": "MIT",
      "dependencies": {
        "@effect/data": "~0.1.2",
        "@fp-ts/core": "~0.2.1",
        "fast-check": "^3.6.3"
      }
    },
    "node_modules/@types/chai": {
      "version": "4.3.4",
      "dev": true,
      "license": "MIT"
    },
    "node_modules/@types/chai-subset": {
      "version": "1.3.3",
      "dev": true,
      "license": "MIT",
      "dependencies": {
        "@types/chai": "*"
      }
    },
    "node_modules/@types/node": {
      "version": "16.18.12",
      "dev": true,
      "license": "MIT"
    },
    "node_modules/@vitest/expect": {
      "version": "0.28.5",
      "dev": true,
      "license": "MIT",
      "dependencies": {
        "@vitest/spy": "0.28.5",
        "@vitest/utils": "0.28.5",
        "chai": "^4.3.7"
      }
    },
    "node_modules/@vitest/runner": {
      "version": "0.28.5",
      "dev": true,
      "license": "MIT",
      "dependencies": {
        "@vitest/utils": "0.28.5",
        "p-limit": "^4.0.0",
        "pathe": "^1.1.0"
      }
    },
    "node_modules/@vitest/spy": {
      "version": "0.28.5",
      "dev": true,
      "license": "MIT",
      "dependencies": {
        "tinyspy": "^1.0.2"
      }
    },
    "node_modules/@vitest/utils": {
      "version": "0.28.5",
      "dev": true,
      "license": "MIT",
      "dependencies": {
        "cli-truncate": "^3.1.0",
        "diff": "^5.1.0",
        "loupe": "^2.3.6",
        "picocolors": "^1.0.0",
        "pretty-format": "^27.5.1"
      }
    },
    "node_modules/acorn": {
      "version": "8.8.2",
      "dev": true,
      "license": "MIT",
      "bin": {
        "acorn": "bin/acorn"
      },
      "engines": {
        "node": ">=0.4.0"
      }
    },
    "node_modules/acorn-walk": {
      "version": "8.2.0",
      "dev": true,
      "license": "MIT",
      "engines": {
        "node": ">=0.4.0"
      }
    },
    "node_modules/ansi-regex": {
      "version": "5.0.1",
      "dev": true,
      "license": "MIT",
      "engines": {
        "node": ">=8"
      }
    },
    "node_modules/ansi-styles": {
      "version": "5.2.0",
      "dev": true,
      "license": "MIT",
      "engines": {
        "node": ">=10"
      },
      "funding": {
        "url": "https://github.com/chalk/ansi-styles?sponsor=1"
      }
    },
    "node_modules/assertion-error": {
      "version": "1.1.0",
      "dev": true,
      "license": "MIT",
      "engines": {
        "node": "*"
      }
    },
    "node_modules/buffer-from": {
      "version": "1.1.2",
      "dev": true,
      "license": "MIT"
    },
    "node_modules/cac": {
      "version": "6.7.14",
      "dev": true,
      "license": "MIT",
      "engines": {
        "node": ">=8"
      }
    },
    "node_modules/chai": {
      "version": "4.3.7",
      "dev": true,
      "license": "MIT",
      "dependencies": {
        "assertion-error": "^1.1.0",
        "check-error": "^1.0.2",
        "deep-eql": "^4.1.2",
        "get-func-name": "^2.0.0",
        "loupe": "^2.3.1",
        "pathval": "^1.1.1",
        "type-detect": "^4.0.5"
      },
      "engines": {
        "node": ">=4"
      }
    },
    "node_modules/check-error": {
      "version": "1.0.2",
      "dev": true,
      "license": "MIT",
      "engines": {
        "node": "*"
      }
    },
    "node_modules/cli-truncate": {
      "version": "3.1.0",
      "dev": true,
      "license": "MIT",
      "dependencies": {
        "slice-ansi": "^5.0.0",
        "string-width": "^5.0.0"
      },
      "engines": {
        "node": "^12.20.0 || ^14.13.1 || >=16.0.0"
      },
      "funding": {
        "url": "https://github.com/sponsors/sindresorhus"
      }
    },
    "node_modules/debug": {
      "version": "4.3.4",
      "dev": true,
      "license": "MIT",
      "dependencies": {
        "ms": "2.1.2"
      },
      "engines": {
        "node": ">=6.0"
      },
      "peerDependenciesMeta": {
        "supports-color": {
          "optional": true
        }
      }
    },
    "node_modules/deep-eql": {
      "version": "4.1.3",
      "dev": true,
      "license": "MIT",
      "dependencies": {
        "type-detect": "^4.0.0"
      },
      "engines": {
        "node": ">=6"
      }
    },
    "node_modules/diff": {
      "version": "5.1.0",
      "dev": true,
      "license": "BSD-3-Clause",
      "engines": {
        "node": ">=0.3.1"
      }
    },
    "node_modules/eastasianwidth": {
      "version": "0.2.0",
      "dev": true,
      "license": "MIT"
    },
    "node_modules/emoji-regex": {
      "version": "9.2.2",
      "dev": true,
      "license": "MIT"
    },
    "node_modules/esbuild": {
      "version": "0.16.17",
      "dev": true,
      "hasInstallScript": true,
      "license": "MIT",
      "bin": {
        "esbuild": "bin/esbuild"
      },
      "engines": {
        "node": ">=12"
      },
      "optionalDependencies": {
        "@esbuild/android-arm": "0.16.17",
        "@esbuild/android-arm64": "0.16.17",
        "@esbuild/android-x64": "0.16.17",
        "@esbuild/darwin-arm64": "0.16.17",
        "@esbuild/darwin-x64": "0.16.17",
        "@esbuild/freebsd-arm64": "0.16.17",
        "@esbuild/freebsd-x64": "0.16.17",
        "@esbuild/linux-arm": "0.16.17",
        "@esbuild/linux-arm64": "0.16.17",
        "@esbuild/linux-ia32": "0.16.17",
        "@esbuild/linux-loong64": "0.16.17",
        "@esbuild/linux-mips64el": "0.16.17",
        "@esbuild/linux-ppc64": "0.16.17",
        "@esbuild/linux-riscv64": "0.16.17",
        "@esbuild/linux-s390x": "0.16.17",
        "@esbuild/linux-x64": "0.16.17",
        "@esbuild/netbsd-x64": "0.16.17",
        "@esbuild/openbsd-x64": "0.16.17",
        "@esbuild/sunos-x64": "0.16.17",
        "@esbuild/win32-arm64": "0.16.17",
        "@esbuild/win32-ia32": "0.16.17",
        "@esbuild/win32-x64": "0.16.17"
      }
    },
    "node_modules/fast-check": {
      "version": "3.6.3",
      "funding": [
        {
          "type": "individual",
          "url": "https://github.com/sponsors/dubzzz"
        },
        {
          "type": "opencollective",
          "url": "https://opencollective.com/fast-check"
        }
      ],
      "license": "MIT",
      "dependencies": {
        "pure-rand": "^6.0.0"
      },
      "engines": {
        "node": ">=8.0.0"
      }
    },
    "node_modules/fp-ts": {
      "version": "2.13.1",
      "resolved": "https://registry.npmjs.org/fp-ts/-/fp-ts-2.13.1.tgz",
      "integrity": "sha512-0eu5ULPS2c/jsa1lGFneEFFEdTbembJv8e4QKXeVJ3lm/5hyve06dlKZrpxmMwJt6rYen7sxmHHK2CLaXvWuWQ=="
    },
    "node_modules/function-bind": {
      "version": "1.1.1",
      "dev": true,
      "license": "MIT"
    },
    "node_modules/get-func-name": {
      "version": "2.0.0",
      "dev": true,
      "license": "MIT",
      "engines": {
        "node": "*"
      }
    },
    "node_modules/has": {
      "version": "1.0.3",
      "dev": true,
      "license": "MIT",
      "dependencies": {
        "function-bind": "^1.1.1"
      },
      "engines": {
        "node": ">= 0.4.0"
      }
    },
    "node_modules/io-ts": {
      "version": "2.2.20",
      "resolved": "https://registry.npmjs.org/io-ts/-/io-ts-2.2.20.tgz",
      "integrity": "sha512-Rq2BsYmtwS5vVttie4rqrOCIfHCS9TgpRLFpKQCM1wZBBRY9nWVGmEvm2FnDbSE2un1UE39DvFpTR5UL47YDcA==",
      "peerDependencies": {
        "fp-ts": "^2.5.0"
      }
    },
    "node_modules/is-core-module": {
      "version": "2.11.0",
      "dev": true,
      "license": "MIT",
      "dependencies": {
        "has": "^1.0.3"
      },
      "funding": {
        "url": "https://github.com/sponsors/ljharb"
      }
    },
    "node_modules/is-fullwidth-code-point": {
      "version": "4.0.0",
      "dev": true,
      "license": "MIT",
      "engines": {
        "node": ">=12"
      },
      "funding": {
        "url": "https://github.com/sponsors/sindresorhus"
      }
    },
    "node_modules/jsonc-parser": {
      "version": "3.2.0",
      "dev": true,
      "license": "MIT"
    },
    "node_modules/local-pkg": {
      "version": "0.4.3",
      "dev": true,
      "license": "MIT",
      "engines": {
        "node": ">=14"
      },
      "funding": {
        "url": "https://github.com/sponsors/antfu"
      }
    },
    "node_modules/loupe": {
      "version": "2.3.6",
      "dev": true,
      "license": "MIT",
      "dependencies": {
        "get-func-name": "^2.0.0"
      }
    },
    "node_modules/mlly": {
      "version": "1.1.1",
      "dev": true,
      "license": "MIT",
      "dependencies": {
        "acorn": "^8.8.2",
        "pathe": "^1.1.0",
        "pkg-types": "^1.0.1",
        "ufo": "^1.1.0"
      }
    },
    "node_modules/ms": {
      "version": "2.1.2",
      "dev": true,
      "license": "MIT"
    },
    "node_modules/nanoid": {
      "version": "3.3.4",
      "dev": true,
      "license": "MIT",
      "bin": {
        "nanoid": "bin/nanoid.cjs"
      },
      "engines": {
        "node": "^10 || ^12 || ^13.7 || ^14 || >=15.0.1"
      }
    },
    "node_modules/p-limit": {
      "version": "4.0.0",
      "dev": true,
      "license": "MIT",
      "dependencies": {
        "yocto-queue": "^1.0.0"
      },
      "engines": {
        "node": "^12.20.0 || ^14.13.1 || >=16.0.0"
      },
      "funding": {
        "url": "https://github.com/sponsors/sindresorhus"
      }
    },
    "node_modules/path-parse": {
      "version": "1.0.7",
      "dev": true,
      "license": "MIT"
    },
    "node_modules/pathe": {
      "version": "1.1.0",
      "dev": true,
      "license": "MIT"
    },
    "node_modules/pathval": {
      "version": "1.1.1",
      "dev": true,
      "license": "MIT",
      "engines": {
        "node": "*"
      }
    },
    "node_modules/picocolors": {
      "version": "1.0.0",
      "dev": true,
      "license": "ISC"
    },
    "node_modules/pkg-types": {
      "version": "1.0.2",
      "dev": true,
      "license": "MIT",
      "dependencies": {
        "jsonc-parser": "^3.2.0",
        "mlly": "^1.1.1",
        "pathe": "^1.1.0"
      }
    },
    "node_modules/postcss": {
      "version": "8.4.21",
      "dev": true,
      "funding": [
        {
          "type": "opencollective",
          "url": "https://opencollective.com/postcss/"
        },
        {
          "type": "tidelift",
          "url": "https://tidelift.com/funding/github/npm/postcss"
        }
      ],
      "license": "MIT",
      "dependencies": {
        "nanoid": "^3.3.4",
        "picocolors": "^1.0.0",
        "source-map-js": "^1.0.2"
      },
      "engines": {
        "node": "^10 || ^12 || >=14"
      }
    },
    "node_modules/prettier": {
      "version": "2.8.4",
      "dev": true,
      "license": "MIT",
      "bin": {
        "prettier": "bin-prettier.js"
      },
      "engines": {
        "node": ">=10.13.0"
      },
      "funding": {
        "url": "https://github.com/prettier/prettier?sponsor=1"
      }
    },
    "node_modules/pretty-format": {
      "version": "27.5.1",
      "dev": true,
      "license": "MIT",
      "dependencies": {
        "ansi-regex": "^5.0.1",
        "ansi-styles": "^5.0.0",
        "react-is": "^17.0.1"
      },
      "engines": {
        "node": "^10.13.0 || ^12.13.0 || ^14.15.0 || >=15.0.0"
      }
    },
    "node_modules/pure-rand": {
      "version": "6.0.0",
      "funding": [
        {
          "type": "individual",
          "url": "https://github.com/sponsors/dubzzz"
        },
        {
          "type": "opencollective",
          "url": "https://opencollective.com/fast-check"
        }
      ],
      "license": "MIT"
    },
    "node_modules/react-is": {
      "version": "17.0.2",
      "dev": true,
      "license": "MIT"
    },
    "node_modules/resolve": {
      "version": "1.22.1",
      "dev": true,
      "license": "MIT",
      "dependencies": {
        "is-core-module": "^2.9.0",
        "path-parse": "^1.0.7",
        "supports-preserve-symlinks-flag": "^1.0.0"
      },
      "bin": {
        "resolve": "bin/resolve"
      },
      "funding": {
        "url": "https://github.com/sponsors/ljharb"
      }
    },
    "node_modules/rollup": {
      "version": "3.17.2",
      "dev": true,
      "license": "MIT",
      "bin": {
        "rollup": "dist/bin/rollup"
      },
      "engines": {
        "node": ">=14.18.0",
        "npm": ">=8.0.0"
      },
      "optionalDependencies": {
        "fsevents": "~2.3.2"
      }
    },
    "node_modules/siginfo": {
      "version": "2.0.0",
      "dev": true,
      "license": "ISC"
    },
    "node_modules/slice-ansi": {
      "version": "5.0.0",
      "dev": true,
      "license": "MIT",
      "dependencies": {
        "ansi-styles": "^6.0.0",
        "is-fullwidth-code-point": "^4.0.0"
      },
      "engines": {
        "node": ">=12"
      },
      "funding": {
        "url": "https://github.com/chalk/slice-ansi?sponsor=1"
      }
    },
    "node_modules/slice-ansi/node_modules/ansi-styles": {
      "version": "6.2.1",
      "dev": true,
      "license": "MIT",
      "engines": {
        "node": ">=12"
      },
      "funding": {
        "url": "https://github.com/chalk/ansi-styles?sponsor=1"
      }
    },
    "node_modules/source-map": {
      "version": "0.6.1",
      "dev": true,
      "license": "BSD-3-Clause",
      "engines": {
        "node": ">=0.10.0"
      }
    },
    "node_modules/source-map-js": {
      "version": "1.0.2",
      "dev": true,
      "license": "BSD-3-Clause",
      "engines": {
        "node": ">=0.10.0"
      }
    },
    "node_modules/source-map-support": {
      "version": "0.5.21",
      "dev": true,
      "license": "MIT",
      "dependencies": {
        "buffer-from": "^1.0.0",
        "source-map": "^0.6.0"
      }
    },
    "node_modules/stackback": {
      "version": "0.0.2",
      "dev": true,
      "license": "MIT"
    },
    "node_modules/std-env": {
      "version": "3.3.2",
      "dev": true,
      "license": "MIT"
    },
    "node_modules/string-width": {
      "version": "5.1.2",
      "dev": true,
      "license": "MIT",
      "dependencies": {
        "eastasianwidth": "^0.2.0",
        "emoji-regex": "^9.2.2",
        "strip-ansi": "^7.0.1"
      },
      "engines": {
        "node": ">=12"
      },
      "funding": {
        "url": "https://github.com/sponsors/sindresorhus"
      }
    },
    "node_modules/strip-ansi": {
      "version": "7.0.1",
      "dev": true,
      "license": "MIT",
      "dependencies": {
        "ansi-regex": "^6.0.1"
      },
      "engines": {
        "node": ">=12"
      },
      "funding": {
        "url": "https://github.com/chalk/strip-ansi?sponsor=1"
      }
    },
    "node_modules/strip-ansi/node_modules/ansi-regex": {
      "version": "6.0.1",
      "dev": true,
      "license": "MIT",
      "engines": {
        "node": ">=12"
      },
      "funding": {
        "url": "https://github.com/chalk/ansi-regex?sponsor=1"
      }
    },
    "node_modules/strip-literal": {
      "version": "1.0.1",
      "dev": true,
      "license": "MIT",
      "dependencies": {
        "acorn": "^8.8.2"
      },
      "funding": {
        "url": "https://github.com/sponsors/antfu"
      }
    },
    "node_modules/supports-preserve-symlinks-flag": {
      "version": "1.0.0",
      "dev": true,
      "license": "MIT",
      "engines": {
        "node": ">= 0.4"
      },
      "funding": {
        "url": "https://github.com/sponsors/ljharb"
      }
    },
    "node_modules/tinybench": {
      "version": "2.3.1",
      "dev": true,
      "license": "MIT"
    },
    "node_modules/tinypool": {
      "version": "0.3.1",
      "dev": true,
      "license": "MIT",
      "engines": {
        "node": ">=14.0.0"
      }
    },
    "node_modules/tinyspy": {
      "version": "1.1.1",
      "dev": true,
      "license": "MIT",
      "engines": {
        "node": ">=14.0.0"
      }
    },
    "node_modules/type-detect": {
      "version": "4.0.8",
      "dev": true,
      "license": "MIT",
      "engines": {
        "node": ">=4"
      }
    },
    "node_modules/typescript": {
      "version": "4.9.5",
      "dev": true,
      "license": "Apache-2.0",
      "bin": {
        "tsc": "bin/tsc",
        "tsserver": "bin/tsserver"
      },
      "engines": {
        "node": ">=4.2.0"
      }
    },
    "node_modules/ufo": {
      "version": "1.1.0",
      "dev": true,
      "license": "MIT"
    },
    "node_modules/vite": {
      "version": "4.1.4",
      "dev": true,
      "license": "MIT",
      "dependencies": {
        "esbuild": "^0.16.14",
        "postcss": "^8.4.21",
        "resolve": "^1.22.1",
        "rollup": "^3.10.0"
      },
      "bin": {
        "vite": "bin/vite.js"
      },
      "engines": {
        "node": "^14.18.0 || >=16.0.0"
      },
      "optionalDependencies": {
        "fsevents": "~2.3.2"
      },
      "peerDependencies": {
        "@types/node": ">= 14",
        "less": "*",
        "sass": "*",
        "stylus": "*",
        "sugarss": "*",
        "terser": "^5.4.0"
      },
      "peerDependenciesMeta": {
        "@types/node": {
          "optional": true
        },
        "less": {
          "optional": true
        },
        "sass": {
          "optional": true
        },
        "stylus": {
          "optional": true
        },
        "sugarss": {
          "optional": true
        },
        "terser": {
          "optional": true
        }
      }
    },
    "node_modules/vite-node": {
      "version": "0.28.5",
      "dev": true,
      "license": "MIT",
      "dependencies": {
        "cac": "^6.7.14",
        "debug": "^4.3.4",
        "mlly": "^1.1.0",
        "pathe": "^1.1.0",
        "picocolors": "^1.0.0",
        "source-map": "^0.6.1",
        "source-map-support": "^0.5.21",
        "vite": "^3.0.0 || ^4.0.0"
      },
      "bin": {
        "vite-node": "vite-node.mjs"
      },
      "engines": {
        "node": ">=v14.16.0"
      },
      "funding": {
        "url": "https://github.com/sponsors/antfu"
      }
    },
    "node_modules/vitest": {
      "version": "0.28.5",
      "dev": true,
      "license": "MIT",
      "dependencies": {
        "@types/chai": "^4.3.4",
        "@types/chai-subset": "^1.3.3",
        "@types/node": "*",
        "@vitest/expect": "0.28.5",
        "@vitest/runner": "0.28.5",
        "@vitest/spy": "0.28.5",
        "@vitest/utils": "0.28.5",
        "acorn": "^8.8.1",
        "acorn-walk": "^8.2.0",
        "cac": "^6.7.14",
        "chai": "^4.3.7",
        "debug": "^4.3.4",
        "local-pkg": "^0.4.2",
        "pathe": "^1.1.0",
        "picocolors": "^1.0.0",
        "source-map": "^0.6.1",
        "std-env": "^3.3.1",
        "strip-literal": "^1.0.0",
        "tinybench": "^2.3.1",
        "tinypool": "^0.3.1",
        "tinyspy": "^1.0.2",
        "vite": "^3.0.0 || ^4.0.0",
        "vite-node": "0.28.5",
        "why-is-node-running": "^2.2.2"
      },
      "bin": {
        "vitest": "vitest.mjs"
      },
      "engines": {
        "node": ">=v14.16.0"
      },
      "funding": {
        "url": "https://github.com/sponsors/antfu"
      },
      "peerDependencies": {
        "@edge-runtime/vm": "*",
        "@vitest/browser": "*",
        "@vitest/ui": "*",
        "happy-dom": "*",
        "jsdom": "*"
      },
      "peerDependenciesMeta": {
        "@edge-runtime/vm": {
          "optional": true
        },
        "@vitest/browser": {
          "optional": true
        },
        "@vitest/ui": {
          "optional": true
        },
        "happy-dom": {
          "optional": true
        },
        "jsdom": {
          "optional": true
        }
      }
    },
    "node_modules/why-is-node-running": {
      "version": "2.2.2",
      "dev": true,
      "license": "MIT",
      "dependencies": {
        "siginfo": "^2.0.0",
        "stackback": "0.0.2"
      },
      "bin": {
        "why-is-node-running": "cli.js"
      },
      "engines": {
        "node": ">=8"
      }
    },
    "node_modules/yocto-queue": {
      "version": "1.0.0",
      "dev": true,
      "license": "MIT",
      "engines": {
        "node": ">=12.20"
      },
      "funding": {
        "url": "https://github.com/sponsors/sindresorhus"
      }
    }
  },
  "dependencies": {
    "@effect/data": {
      "version": "0.1.3"
    },
    "@effect/io": {
      "version": "0.2.0",
      "requires": {
        "@effect/data": "~0.1.3"
      }
    },
    "@esbuild/linux-x64": {
      "version": "0.16.17",
      "dev": true,
      "optional": true
    },
    "@fp-ts/core": {
      "version": "0.2.1"
    },
    "@fp-ts/schema": {
      "version": "0.2.1",
      "requires": {
        "@effect/data": "~0.1.2",
        "@fp-ts/core": "~0.2.1",
        "fast-check": "^3.6.3"
      }
    },
    "@types/chai": {
      "version": "4.3.4",
      "dev": true
    },
    "@types/chai-subset": {
      "version": "1.3.3",
      "dev": true,
      "requires": {
        "@types/chai": "*"
      }
    },
    "@types/node": {
      "version": "16.18.12",
      "dev": true
    },
    "@vitest/expect": {
      "version": "0.28.5",
      "dev": true,
      "requires": {
        "@vitest/spy": "0.28.5",
        "@vitest/utils": "0.28.5",
        "chai": "^4.3.7"
      }
    },
    "@vitest/runner": {
      "version": "0.28.5",
      "dev": true,
      "requires": {
        "@vitest/utils": "0.28.5",
        "p-limit": "^4.0.0",
        "pathe": "^1.1.0"
      }
    },
    "@vitest/spy": {
      "version": "0.28.5",
      "dev": true,
      "requires": {
        "tinyspy": "^1.0.2"
      }
    },
    "@vitest/utils": {
      "version": "0.28.5",
      "dev": true,
      "requires": {
        "cli-truncate": "^3.1.0",
        "diff": "^5.1.0",
        "loupe": "^2.3.6",
        "picocolors": "^1.0.0",
        "pretty-format": "^27.5.1"
      }
    },
    "acorn": {
      "version": "8.8.2",
      "dev": true
    },
    "acorn-walk": {
      "version": "8.2.0",
      "dev": true
    },
    "ansi-regex": {
      "version": "5.0.1",
      "dev": true
    },
    "ansi-styles": {
      "version": "5.2.0",
      "dev": true
    },
    "assertion-error": {
      "version": "1.1.0",
      "dev": true
    },
    "buffer-from": {
      "version": "1.1.2",
      "dev": true
    },
    "cac": {
      "version": "6.7.14",
      "dev": true
    },
    "chai": {
      "version": "4.3.7",
      "dev": true,
      "requires": {
        "assertion-error": "^1.1.0",
        "check-error": "^1.0.2",
        "deep-eql": "^4.1.2",
        "get-func-name": "^2.0.0",
        "loupe": "^2.3.1",
        "pathval": "^1.1.1",
        "type-detect": "^4.0.5"
      }
    },
    "check-error": {
      "version": "1.0.2",
      "dev": true
    },
    "cli-truncate": {
      "version": "3.1.0",
      "dev": true,
      "requires": {
        "slice-ansi": "^5.0.0",
        "string-width": "^5.0.0"
      }
    },
    "debug": {
      "version": "4.3.4",
      "dev": true,
      "requires": {
        "ms": "2.1.2"
      }
    },
    "deep-eql": {
      "version": "4.1.3",
      "dev": true,
      "requires": {
        "type-detect": "^4.0.0"
      }
    },
    "diff": {
      "version": "5.1.0",
      "dev": true
    },
    "eastasianwidth": {
      "version": "0.2.0",
      "dev": true
    },
    "emoji-regex": {
      "version": "9.2.2",
      "dev": true
    },
    "esbuild": {
      "version": "0.16.17",
      "dev": true,
      "requires": {
        "@esbuild/android-arm": "0.16.17",
        "@esbuild/android-arm64": "0.16.17",
        "@esbuild/android-x64": "0.16.17",
        "@esbuild/darwin-arm64": "0.16.17",
        "@esbuild/darwin-x64": "0.16.17",
        "@esbuild/freebsd-arm64": "0.16.17",
        "@esbuild/freebsd-x64": "0.16.17",
        "@esbuild/linux-arm": "0.16.17",
        "@esbuild/linux-arm64": "0.16.17",
        "@esbuild/linux-ia32": "0.16.17",
        "@esbuild/linux-loong64": "0.16.17",
        "@esbuild/linux-mips64el": "0.16.17",
        "@esbuild/linux-ppc64": "0.16.17",
        "@esbuild/linux-riscv64": "0.16.17",
        "@esbuild/linux-s390x": "0.16.17",
        "@esbuild/linux-x64": "0.16.17",
        "@esbuild/netbsd-x64": "0.16.17",
        "@esbuild/openbsd-x64": "0.16.17",
        "@esbuild/sunos-x64": "0.16.17",
        "@esbuild/win32-arm64": "0.16.17",
        "@esbuild/win32-ia32": "0.16.17",
        "@esbuild/win32-x64": "0.16.17"
      }
    },
    "fast-check": {
      "version": "3.6.3",
      "requires": {
        "pure-rand": "^6.0.0"
      }
    },
    "fp-ts": {
      "version": "2.13.1",
      "resolved": "https://registry.npmjs.org/fp-ts/-/fp-ts-2.13.1.tgz",
      "integrity": "sha512-0eu5ULPS2c/jsa1lGFneEFFEdTbembJv8e4QKXeVJ3lm/5hyve06dlKZrpxmMwJt6rYen7sxmHHK2CLaXvWuWQ=="
    },
    "function-bind": {
      "version": "1.1.1",
      "dev": true
    },
    "get-func-name": {
      "version": "2.0.0",
      "dev": true
    },
    "has": {
      "version": "1.0.3",
      "dev": true,
      "requires": {
        "function-bind": "^1.1.1"
      }
    },
    "io-ts": {
      "version": "2.2.20",
      "resolved": "https://registry.npmjs.org/io-ts/-/io-ts-2.2.20.tgz",
      "integrity": "sha512-Rq2BsYmtwS5vVttie4rqrOCIfHCS9TgpRLFpKQCM1wZBBRY9nWVGmEvm2FnDbSE2un1UE39DvFpTR5UL47YDcA==",
      "requires": {}
    },
    "is-core-module": {
      "version": "2.11.0",
      "dev": true,
      "requires": {
        "has": "^1.0.3"
      }
    },
    "is-fullwidth-code-point": {
      "version": "4.0.0",
      "dev": true
    },
    "jsonc-parser": {
      "version": "3.2.0",
      "dev": true
    },
    "local-pkg": {
      "version": "0.4.3",
      "dev": true
    },
    "loupe": {
      "version": "2.3.6",
      "dev": true,
      "requires": {
        "get-func-name": "^2.0.0"
      }
    },
    "mlly": {
      "version": "1.1.1",
      "dev": true,
      "requires": {
        "acorn": "^8.8.2",
        "pathe": "^1.1.0",
        "pkg-types": "^1.0.1",
        "ufo": "^1.1.0"
      }
    },
    "ms": {
      "version": "2.1.2",
      "dev": true
    },
    "nanoid": {
      "version": "3.3.4",
      "dev": true
    },
    "p-limit": {
      "version": "4.0.0",
      "dev": true,
      "requires": {
        "yocto-queue": "^1.0.0"
      }
    },
    "path-parse": {
      "version": "1.0.7",
      "dev": true
    },
    "pathe": {
      "version": "1.1.0",
      "dev": true
    },
    "pathval": {
      "version": "1.1.1",
      "dev": true
    },
    "picocolors": {
      "version": "1.0.0",
      "dev": true
    },
    "pkg-types": {
      "version": "1.0.2",
      "dev": true,
      "requires": {
        "jsonc-parser": "^3.2.0",
        "mlly": "^1.1.1",
        "pathe": "^1.1.0"
      }
    },
    "postcss": {
      "version": "8.4.21",
      "dev": true,
      "requires": {
        "nanoid": "^3.3.4",
        "picocolors": "^1.0.0",
        "source-map-js": "^1.0.2"
      }
    },
    "prettier": {
      "version": "2.8.4",
      "dev": true
    },
    "pretty-format": {
      "version": "27.5.1",
      "dev": true,
      "requires": {
        "ansi-regex": "^5.0.1",
        "ansi-styles": "^5.0.0",
        "react-is": "^17.0.1"
      }
    },
    "pure-rand": {
      "version": "6.0.0"
    },
    "react-is": {
      "version": "17.0.2",
      "dev": true
    },
    "resolve": {
      "version": "1.22.1",
      "dev": true,
      "requires": {
        "is-core-module": "^2.9.0",
        "path-parse": "^1.0.7",
        "supports-preserve-symlinks-flag": "^1.0.0"
      }
    },
    "rollup": {
      "version": "3.17.2",
      "dev": true,
      "requires": {
        "fsevents": "~2.3.2"
      }
    },
    "siginfo": {
      "version": "2.0.0",
      "dev": true
    },
    "slice-ansi": {
      "version": "5.0.0",
      "dev": true,
      "requires": {
        "ansi-styles": "^6.0.0",
        "is-fullwidth-code-point": "^4.0.0"
      },
      "dependencies": {
        "ansi-styles": {
          "version": "6.2.1",
          "dev": true
        }
      }
    },
    "source-map": {
      "version": "0.6.1",
      "dev": true
    },
    "source-map-js": {
      "version": "1.0.2",
      "dev": true
    },
    "source-map-support": {
      "version": "0.5.21",
      "dev": true,
      "requires": {
        "buffer-from": "^1.0.0",
        "source-map": "^0.6.0"
      }
    },
    "stackback": {
      "version": "0.0.2",
      "dev": true
    },
    "std-env": {
      "version": "3.3.2",
      "dev": true
    },
    "string-width": {
      "version": "5.1.2",
      "dev": true,
      "requires": {
        "eastasianwidth": "^0.2.0",
        "emoji-regex": "^9.2.2",
        "strip-ansi": "^7.0.1"
      }
    },
    "strip-ansi": {
      "version": "7.0.1",
      "dev": true,
      "requires": {
        "ansi-regex": "^6.0.1"
      },
      "dependencies": {
        "ansi-regex": {
          "version": "6.0.1",
          "dev": true
        }
      }
    },
    "strip-literal": {
      "version": "1.0.1",
      "dev": true,
      "requires": {
        "acorn": "^8.8.2"
      }
    },
    "supports-preserve-symlinks-flag": {
      "version": "1.0.0",
      "dev": true
    },
    "tinybench": {
      "version": "2.3.1",
      "dev": true
    },
    "tinypool": {
      "version": "0.3.1",
      "dev": true
    },
    "tinyspy": {
      "version": "1.1.1",
      "dev": true
    },
    "type-detect": {
      "version": "4.0.8",
      "dev": true
    },
    "typescript": {
      "version": "4.9.5",
      "dev": true
    },
    "ufo": {
      "version": "1.1.0",
      "dev": true
    },
    "vite": {
      "version": "4.1.4",
      "dev": true,
      "requires": {
        "esbuild": "^0.16.14",
        "fsevents": "~2.3.2",
        "postcss": "^8.4.21",
        "resolve": "^1.22.1",
        "rollup": "^3.10.0"
      }
    },
    "vite-node": {
      "version": "0.28.5",
      "dev": true,
      "requires": {
        "cac": "^6.7.14",
        "debug": "^4.3.4",
        "mlly": "^1.1.0",
        "pathe": "^1.1.0",
        "picocolors": "^1.0.0",
        "source-map": "^0.6.1",
        "source-map-support": "^0.5.21",
        "vite": "^3.0.0 || ^4.0.0"
      }
    },
    "vitest": {
      "version": "0.28.5",
      "dev": true,
      "requires": {
        "@types/chai": "^4.3.4",
        "@types/chai-subset": "^1.3.3",
        "@types/node": "*",
        "@vitest/expect": "0.28.5",
        "@vitest/runner": "0.28.5",
        "@vitest/spy": "0.28.5",
        "@vitest/utils": "0.28.5",
        "acorn": "^8.8.1",
        "acorn-walk": "^8.2.0",
        "cac": "^6.7.14",
        "chai": "^4.3.7",
        "debug": "^4.3.4",
        "local-pkg": "^0.4.2",
        "pathe": "^1.1.0",
        "picocolors": "^1.0.0",
        "source-map": "^0.6.1",
        "std-env": "^3.3.1",
        "strip-literal": "^1.0.0",
        "tinybench": "^2.3.1",
        "tinypool": "^0.3.1",
        "tinyspy": "^1.0.2",
        "vite": "^3.0.0 || ^4.0.0",
        "vite-node": "0.28.5",
        "why-is-node-running": "^2.2.2"
      }
    },
    "why-is-node-running": {
      "version": "2.2.2",
      "dev": true,
      "requires": {
        "siginfo": "^2.0.0",
        "stackback": "0.0.2"
      }
    },
    "yocto-queue": {
      "version": "1.0.0",
      "dev": true
    }
  }
}
